// !$*UTF8*$!
{
	archiveVersion = 1;
	classes = {
	};
	objectVersion = 46;
	objects = {

/* Begin PBXBuildFile section */
		3BCC8CA11EAA050E00039630 /* main.m in Sources */ = {isa = PBXBuildFile; fileRef = 3BCC8CA01EAA050E00039630 /* main.m */; };
		3BCC8CA41EAA050E00039630 /* AppDelegate.m in Sources */ = {isa = PBXBuildFile; fileRef = 3BCC8CA31EAA050E00039630 /* AppDelegate.m */; };
		3BCC8CA71EAA050E00039630 /* ViewController.m in Sources */ = {isa = PBXBuildFile; fileRef = 3BCC8CA61EAA050E00039630 /* ViewController.m */; };
		3BCC8CAA1EAA050E00039630 /* Main.storyboard in Resources */ = {isa = PBXBuildFile; fileRef = 3BCC8CA81EAA050E00039630 /* Main.storyboard */; };
		3BCC8CAC1EAA050E00039630 /* Assets.xcassets in Resources */ = {isa = PBXBuildFile; fileRef = 3BCC8CAB1EAA050E00039630 /* Assets.xcassets */; };
		3BCC8CAF1EAA050E00039630 /* LaunchScreen.storyboard in Resources */ = {isa = PBXBuildFile; fileRef = 3BCC8CAD1EAA050E00039630 /* LaunchScreen.storyboard */; };
		3BCC8CBA1EAA050E00039630 /* KSTextFieldTests.m in Sources */ = {isa = PBXBuildFile; fileRef = 3BCC8CB91EAA050E00039630 /* KSTextFieldTests.m */; };
		3BCC8CC51EAA050E00039630 /* KSTextFieldUITests.m in Sources */ = {isa = PBXBuildFile; fileRef = 3BCC8CC41EAA050E00039630 /* KSTextFieldUITests.m */; };
/* End PBXBuildFile section */

/* Begin PBXContainerItemProxy section */
		3BCC8CB61EAA050E00039630 /* PBXContainerItemProxy */ = {
			isa = PBXContainerItemProxy;
			containerPortal = 3BCC8C941EAA050E00039630 /* Project object */;
			proxyType = 1;
			remoteGlobalIDString = 3BCC8C9B1EAA050E00039630;
			remoteInfo = KSTextField;
		};
		3BCC8CC11EAA050E00039630 /* PBXContainerItemProxy */ = {
			isa = PBXContainerItemProxy;
			containerPortal = 3BCC8C941EAA050E00039630 /* Project object */;
			proxyType = 1;
			remoteGlobalIDString = 3BCC8C9B1EAA050E00039630;
			remoteInfo = KSTextField;
		};
/* End PBXContainerItemProxy section */

/* Begin PBXFileReference section */
		3BCC8C9C1EAA050E00039630 /* KSTextField.app */ = {isa = PBXFileReference; explicitFileType = wrapper.application; includeInIndex = 0; path = KSTextField.app; sourceTree = BUILT_PRODUCTS_DIR; };
		3BCC8CA01EAA050E00039630 /* main.m */ = {isa = PBXFileReference; lastKnownFileType = sourcecode.c.objc; path = main.m; sourceTree = "<group>"; };
		3BCC8CA21EAA050E00039630 /* AppDelegate.h */ = {isa = PBXFileReference; lastKnownFileType = sourcecode.c.h; path = AppDelegate.h; sourceTree = "<group>"; };
		3BCC8CA31EAA050E00039630 /* AppDelegate.m */ = {isa = PBXFileReference; lastKnownFileType = sourcecode.c.objc; path = AppDelegate.m; sourceTree = "<group>"; };
		3BCC8CA51EAA050E00039630 /* ViewController.h */ = {isa = PBXFileReference; lastKnownFileType = sourcecode.c.h; path = ViewController.h; sourceTree = "<group>"; };
		3BCC8CA61EAA050E00039630 /* ViewController.m */ = {isa = PBXFileReference; lastKnownFileType = sourcecode.c.objc; path = ViewController.m; sourceTree = "<group>"; };
		3BCC8CA91EAA050E00039630 /* Base */ = {isa = PBXFileReference; lastKnownFileType = file.storyboard; name = Base; path = Base.lproj/Main.storyboard; sourceTree = "<group>"; };
		3BCC8CAB1EAA050E00039630 /* Assets.xcassets */ = {isa = PBXFileReference; lastKnownFileType = folder.assetcatalog; path = Assets.xcassets; sourceTree = "<group>"; };
		3BCC8CAE1EAA050E00039630 /* Base */ = {isa = PBXFileReference; lastKnownFileType = file.storyboard; name = Base; path = Base.lproj/LaunchScreen.storyboard; sourceTree = "<group>"; };
		3BCC8CB01EAA050E00039630 /* Info.plist */ = {isa = PBXFileReference; lastKnownFileType = text.plist.xml; path = Info.plist; sourceTree = "<group>"; };
		3BCC8CB51EAA050E00039630 /* KSTextFieldTests.xctest */ = {isa = PBXFileReference; explicitFileType = wrapper.cfbundle; includeInIndex = 0; path = KSTextFieldTests.xctest; sourceTree = BUILT_PRODUCTS_DIR; };
		3BCC8CB91EAA050E00039630 /* KSTextFieldTests.m */ = {isa = PBXFileReference; lastKnownFileType = sourcecode.c.objc; path = KSTextFieldTests.m; sourceTree = "<group>"; };
		3BCC8CBB1EAA050E00039630 /* Info.plist */ = {isa = PBXFileReference; lastKnownFileType = text.plist.xml; path = Info.plist; sourceTree = "<group>"; };
		3BCC8CC01EAA050E00039630 /* KSTextFieldUITests.xctest */ = {isa = PBXFileReference; explicitFileType = wrapper.cfbundle; includeInIndex = 0; path = KSTextFieldUITests.xctest; sourceTree = BUILT_PRODUCTS_DIR; };
		3BCC8CC41EAA050E00039630 /* KSTextFieldUITests.m */ = {isa = PBXFileReference; lastKnownFileType = sourcecode.c.objc; path = KSTextFieldUITests.m; sourceTree = "<group>"; };
		3BCC8CC61EAA050E00039630 /* Info.plist */ = {isa = PBXFileReference; lastKnownFileType = text.plist.xml; path = Info.plist; sourceTree = "<group>"; };
/* End PBXFileReference section */

/* Begin PBXFrameworksBuildPhase section */
		3BCC8C991EAA050E00039630 /* Frameworks */ = {
			isa = PBXFrameworksBuildPhase;
			buildActionMask = 2147483647;
			files = (
			);
			runOnlyForDeploymentPostprocessing = 0;
		};
		3BCC8CB21EAA050E00039630 /* Frameworks */ = {
			isa = PBXFrameworksBuildPhase;
			buildActionMask = 2147483647;
			files = (
			);
			runOnlyForDeploymentPostprocessing = 0;
		};
		3BCC8CBD1EAA050E00039630 /* Frameworks */ = {
			isa = PBXFrameworksBuildPhase;
			buildActionMask = 2147483647;
			files = (
			);
			runOnlyForDeploymentPostprocessing = 0;
		};
/* End PBXFrameworksBuildPhase section */

/* Begin PBXGroup section */
		3BCC8C931EAA050E00039630 = {
			isa = PBXGroup;
			children = (
				3BCC8C9E1EAA050E00039630 /* KSTextField */,
				3BCC8CB81EAA050E00039630 /* KSTextFieldTests */,
				3BCC8CC31EAA050E00039630 /* KSTextFieldUITests */,
				3BCC8C9D1EAA050E00039630 /* Products */,
			);
			sourceTree = "<group>";
		};
		3BCC8C9D1EAA050E00039630 /* Products */ = {
			isa = PBXGroup;
			children = (
				3BCC8C9C1EAA050E00039630 /* KSTextField.app */,
				3BCC8CB51EAA050E00039630 /* KSTextFieldTests.xctest */,
				3BCC8CC01EAA050E00039630 /* KSTextFieldUITests.xctest */,
			);
			name = Products;
			sourceTree = "<group>";
		};
		3BCC8C9E1EAA050E00039630 /* KSTextField */ = {
			isa = PBXGroup;
			children = (
				3BCC8CA21EAA050E00039630 /* AppDelegate.h */,
				3BCC8CA31EAA050E00039630 /* AppDelegate.m */,
				3BCC8CA51EAA050E00039630 /* ViewController.h */,
				3BCC8CA61EAA050E00039630 /* ViewController.m */,
				3BCC8CA81EAA050E00039630 /* Main.storyboard */,
				3BCC8CAB1EAA050E00039630 /* Assets.xcassets */,
				3BCC8CAD1EAA050E00039630 /* LaunchScreen.storyboard */,
				3BCC8CB01EAA050E00039630 /* Info.plist */,
				3BCC8C9F1EAA050E00039630 /* Supporting Files */,
			);
			path = KSTextField;
			sourceTree = "<group>";
		};
		3BCC8C9F1EAA050E00039630 /* Supporting Files */ = {
			isa = PBXGroup;
			children = (
				3BCC8CA01EAA050E00039630 /* main.m */,
			);
			name = "Supporting Files";
			sourceTree = "<group>";
		};
		3BCC8CB81EAA050E00039630 /* KSTextFieldTests */ = {
			isa = PBXGroup;
			children = (
				3BCC8CB91EAA050E00039630 /* KSTextFieldTests.m */,
				3BCC8CBB1EAA050E00039630 /* Info.plist */,
			);
			path = KSTextFieldTests;
			sourceTree = "<group>";
		};
		3BCC8CC31EAA050E00039630 /* KSTextFieldUITests */ = {
			isa = PBXGroup;
			children = (
				3BCC8CC41EAA050E00039630 /* KSTextFieldUITests.m */,
				3BCC8CC61EAA050E00039630 /* Info.plist */,
			);
			path = KSTextFieldUITests;
			sourceTree = "<group>";
		};
/* End PBXGroup section */

/* Begin PBXNativeTarget section */
		3BCC8C9B1EAA050E00039630 /* KSTextField */ = {
			isa = PBXNativeTarget;
			buildConfigurationList = 3BCC8CC91EAA050E00039630 /* Build configuration list for PBXNativeTarget "KSTextField" */;
			buildPhases = (
				3BCC8C981EAA050E00039630 /* Sources */,
				3BCC8C991EAA050E00039630 /* Frameworks */,
				3BCC8C9A1EAA050E00039630 /* Resources */,
			);
			buildRules = (
			);
			dependencies = (
			);
			name = KSTextField;
			productName = KSTextField;
			productReference = 3BCC8C9C1EAA050E00039630 /* KSTextField.app */;
			productType = "com.apple.product-type.application";
		};
		3BCC8CB41EAA050E00039630 /* KSTextFieldTests */ = {
			isa = PBXNativeTarget;
			buildConfigurationList = 3BCC8CCC1EAA050E00039630 /* Build configuration list for PBXNativeTarget "KSTextFieldTests" */;
			buildPhases = (
				3BCC8CB11EAA050E00039630 /* Sources */,
				3BCC8CB21EAA050E00039630 /* Frameworks */,
				3BCC8CB31EAA050E00039630 /* Resources */,
			);
			buildRules = (
			);
			dependencies = (
				3BCC8CB71EAA050E00039630 /* PBXTargetDependency */,
			);
			name = KSTextFieldTests;
			productName = KSTextFieldTests;
			productReference = 3BCC8CB51EAA050E00039630 /* KSTextFieldTests.xctest */;
			productType = "com.apple.product-type.bundle.unit-test";
		};
		3BCC8CBF1EAA050E00039630 /* KSTextFieldUITests */ = {
			isa = PBXNativeTarget;
			buildConfigurationList = 3BCC8CCF1EAA050E00039630 /* Build configuration list for PBXNativeTarget "KSTextFieldUITests" */;
			buildPhases = (
				3BCC8CBC1EAA050E00039630 /* Sources */,
				3BCC8CBD1EAA050E00039630 /* Frameworks */,
				3BCC8CBE1EAA050E00039630 /* Resources */,
			);
			buildRules = (
			);
			dependencies = (
				3BCC8CC21EAA050E00039630 /* PBXTargetDependency */,
			);
			name = KSTextFieldUITests;
			productName = KSTextFieldUITests;
			productReference = 3BCC8CC01EAA050E00039630 /* KSTextFieldUITests.xctest */;
			productType = "com.apple.product-type.bundle.ui-testing";
		};
/* End PBXNativeTarget section */

/* Begin PBXProject section */
		3BCC8C941EAA050E00039630 /* Project object */ = {
			isa = PBXProject;
			attributes = {
				LastUpgradeCheck = 0830;
				ORGANIZATIONNAME = "贺杨";
				TargetAttributes = {
					3BCC8C9B1EAA050E00039630 = {
						CreatedOnToolsVersion = 8.3;
						ProvisioningStyle = Automatic;
					};
					3BCC8CB41EAA050E00039630 = {
						CreatedOnToolsVersion = 8.3;
						ProvisioningStyle = Automatic;
						TestTargetID = 3BCC8C9B1EAA050E00039630;
					};
					3BCC8CBF1EAA050E00039630 = {
						CreatedOnToolsVersion = 8.3;
						ProvisioningStyle = Automatic;
						TestTargetID = 3BCC8C9B1EAA050E00039630;
					};
				};
			};
			buildConfigurationList = 3BCC8C971EAA050E00039630 /* Build configuration list for PBXProject "KSTextField" */;
			compatibilityVersion = "Xcode 3.2";
			developmentRegion = English;
			hasScannedForEncodings = 0;
			knownRegions = (
				en,
				Base,
			);
			mainGroup = 3BCC8C931EAA050E00039630;
			productRefGroup = 3BCC8C9D1EAA050E00039630 /* Products */;
			projectDirPath = "";
			projectRoot = "";
			targets = (
				3BCC8C9B1EAA050E00039630 /* KSTextField */,
				3BCC8CB41EAA050E00039630 /* KSTextFieldTests */,
				3BCC8CBF1EAA050E00039630 /* KSTextFieldUITests */,
			);
		};
/* End PBXProject section */

/* Begin PBXResourcesBuildPhase section */
		3BCC8C9A1EAA050E00039630 /* Resources */ = {
			isa = PBXResourcesBuildPhase;
			buildActionMask = 2147483647;
			files = (
				3BCC8CAF1EAA050E00039630 /* LaunchScreen.storyboard in Resources */,
				3BCC8CAC1EAA050E00039630 /* Assets.xcassets in Resources */,
				3BCC8CAA1EAA050E00039630 /* Main.storyboard in Resources */,
			);
			runOnlyForDeploymentPostprocessing = 0;
		};
		3BCC8CB31EAA050E00039630 /* Resources */ = {
			isa = PBXResourcesBuildPhase;
			buildActionMask = 2147483647;
			files = (
			);
			runOnlyForDeploymentPostprocessing = 0;
		};
		3BCC8CBE1EAA050E00039630 /* Resources */ = {
			isa = PBXResourcesBuildPhase;
			buildActionMask = 2147483647;
			files = (
			);
			runOnlyForDeploymentPostprocessing = 0;
		};
/* End PBXResourcesBuildPhase section */

/* Begin PBXSourcesBuildPhase section */
		3BCC8C981EAA050E00039630 /* Sources */ = {
			isa = PBXSourcesBuildPhase;
			buildActionMask = 2147483647;
			files = (
				3BCC8CA71EAA050E00039630 /* ViewController.m in Sources */,
				3BCC8CA41EAA050E00039630 /* AppDelegate.m in Sources */,
				3BCC8CA11EAA050E00039630 /* main.m in Sources */,
			);
			runOnlyForDeploymentPostprocessing = 0;
		};
		3BCC8CB11EAA050E00039630 /* Sources */ = {
			isa = PBXSourcesBuildPhase;
			buildActionMask = 2147483647;
			files = (
				3BCC8CBA1EAA050E00039630 /* KSTextFieldTests.m in Sources */,
			);
			runOnlyForDeploymentPostprocessing = 0;
		};
		3BCC8CBC1EAA050E00039630 /* Sources */ = {
			isa = PBXSourcesBuildPhase;
			buildActionMask = 2147483647;
			files = (
				3BCC8CC51EAA050E00039630 /* KSTextFieldUITests.m in Sources */,
			);
			runOnlyForDeploymentPostprocessing = 0;
		};
/* End PBXSourcesBuildPhase section */

/* Begin PBXTargetDependency section */
		3BCC8CB71EAA050E00039630 /* PBXTargetDependency */ = {
			isa = PBXTargetDependency;
			target = 3BCC8C9B1EAA050E00039630 /* KSTextField */;
			targetProxy = 3BCC8CB61EAA050E00039630 /* PBXContainerItemProxy */;
		};
		3BCC8CC21EAA050E00039630 /* PBXTargetDependency */ = {
			isa = PBXTargetDependency;
			target = 3BCC8C9B1EAA050E00039630 /* KSTextField */;
			targetProxy = 3BCC8CC11EAA050E00039630 /* PBXContainerItemProxy */;
		};
/* End PBXTargetDependency section */

/* Begin PBXVariantGroup section */
		3BCC8CA81EAA050E00039630 /* Main.storyboard */ = {
			isa = PBXVariantGroup;
			children = (
				3BCC8CA91EAA050E00039630 /* Base */,
			);
			name = Main.storyboard;
			sourceTree = "<group>";
		};
		3BCC8CAD1EAA050E00039630 /* LaunchScreen.storyboard */ = {
			isa = PBXVariantGroup;
			children = (
				3BCC8CAE1EAA050E00039630 /* Base */,
			);
			name = LaunchScreen.storyboard;
			sourceTree = "<group>";
		};
/* End PBXVariantGroup section */

/* Begin XCBuildConfiguration section */
		3BCC8CC71EAA050E00039630 /* Debug */ = {
			isa = XCBuildConfiguration;
			buildSettings = {
				ALWAYS_SEARCH_USER_PATHS = NO;
				CLANG_ANALYZER_NONNULL = YES;
				CLANG_ANALYZER_NUMBER_OBJECT_CONVERSION = YES_AGGRESSIVE;
				CLANG_CXX_LANGUAGE_STANDARD = "gnu++0x";
				CLANG_CXX_LIBRARY = "libc++";
				CLANG_ENABLE_MODULES = YES;
				CLANG_ENABLE_OBJC_ARC = YES;
				CLANG_WARN_BOOL_CONVERSION = YES;
				CLANG_WARN_CONSTANT_CONVERSION = YES;
				CLANG_WARN_DIRECT_OBJC_ISA_USAGE = YES_ERROR;
				CLANG_WARN_DOCUMENTATION_COMMENTS = YES;
				CLANG_WARN_EMPTY_BODY = YES;
				CLANG_WARN_ENUM_CONVERSION = YES;
				CLANG_WARN_INFINITE_RECURSION = YES;
				CLANG_WARN_INT_CONVERSION = YES;
				CLANG_WARN_OBJC_ROOT_CLASS = YES_ERROR;
				CLANG_WARN_SUSPICIOUS_MOVE = YES;
				CLANG_WARN_UNREACHABLE_CODE = YES;
				CLANG_WARN__DUPLICATE_METHOD_MATCH = YES;
				"CODE_SIGN_IDENTITY[sdk=iphoneos*]" = "iPhone Developer";
				COPY_PHASE_STRIP = NO;
				DEBUG_INFORMATION_FORMAT = dwarf;
				ENABLE_STRICT_OBJC_MSGSEND = YES;
				ENABLE_TESTABILITY = YES;
				GCC_C_LANGUAGE_STANDARD = gnu99;
				GCC_DYNAMIC_NO_PIC = NO;
				GCC_NO_COMMON_BLOCKS = YES;
				GCC_OPTIMIZATION_LEVEL = 0;
				GCC_PREPROCESSOR_DEFINITIONS = (
					"DEBUG=1",
					"$(inherited)",
				);
				GCC_WARN_64_TO_32_BIT_CONVERSION = YES;
				GCC_WARN_ABOUT_RETURN_TYPE = YES_ERROR;
				GCC_WARN_UNDECLARED_SELECTOR = YES;
				GCC_WARN_UNINITIALIZED_AUTOS = YES_AGGRESSIVE;
				GCC_WARN_UNUSED_FUNCTION = YES;
				GCC_WARN_UNUSED_VARIABLE = YES;
				IPHONEOS_DEPLOYMENT_TARGET = 10.3;
				MTL_ENABLE_DEBUG_INFO = YES;
				ONLY_ACTIVE_ARCH = YES;
				SDKROOT = iphoneos;
				TARGETED_DEVICE_FAMILY = "1,2";
			};
			name = Debug;
		};
		3BCC8CC81EAA050E00039630 /* Release */ = {
			isa = XCBuildConfiguration;
			buildSettings = {
				ALWAYS_SEARCH_USER_PATHS = NO;
				CLANG_ANALYZER_NONNULL = YES;
				CLANG_ANALYZER_NUMBER_OBJECT_CONVERSION = YES_AGGRESSIVE;
				CLANG_CXX_LANGUAGE_STANDARD = "gnu++0x";
				CLANG_CXX_LIBRARY = "libc++";
				CLANG_ENABLE_MODULES = YES;
				CLANG_ENABLE_OBJC_ARC = YES;
				CLANG_WARN_BOOL_CONVERSION = YES;
				CLANG_WARN_CONSTANT_CONVERSION = YES;
				CLANG_WARN_DIRECT_OBJC_ISA_USAGE = YES_ERROR;
				CLANG_WARN_DOCUMENTATION_COMMENTS = YES;
				CLANG_WARN_EMPTY_BODY = YES;
				CLANG_WARN_ENUM_CONVERSION = YES;
				CLANG_WARN_INFINITE_RECURSION = YES;
				CLANG_WARN_INT_CONVERSION = YES;
				CLANG_WARN_OBJC_ROOT_CLASS = YES_ERROR;
				CLANG_WARN_SUSPICIOUS_MOVE = YES;
				CLANG_WARN_UNREACHABLE_CODE = YES;
				CLANG_WARN__DUPLICATE_METHOD_MATCH = YES;
				"CODE_SIGN_IDENTITY[sdk=iphoneos*]" = "iPhone Developer";
				COPY_PHASE_STRIP = NO;
				DEBUG_INFORMATION_FORMAT = "dwarf-with-dsym";
				ENABLE_NS_ASSERTIONS = NO;
				ENABLE_STRICT_OBJC_MSGSEND = YES;
				GCC_C_LANGUAGE_STANDARD = gnu99;
				GCC_NO_COMMON_BLOCKS = YES;
				GCC_WARN_64_TO_32_BIT_CONVERSION = YES;
				GCC_WARN_ABOUT_RETURN_TYPE = YES_ERROR;
				GCC_WARN_UNDECLARED_SELECTOR = YES;
				GCC_WARN_UNINITIALIZED_AUTOS = YES_AGGRESSIVE;
				GCC_WARN_UNUSED_FUNCTION = YES;
				GCC_WARN_UNUSED_VARIABLE = YES;
				IPHONEOS_DEPLOYMENT_TARGET = 10.3;
				MTL_ENABLE_DEBUG_INFO = NO;
				SDKROOT = iphoneos;
				TARGETED_DEVICE_FAMILY = "1,2";
				VALIDATE_PRODUCT = YES;
			};
			name = Release;
		};
		3BCC8CCA1EAA050E00039630 /* Debug */ = {
			isa = XCBuildConfiguration;
			buildSettings = {
				ASSETCATALOG_COMPILER_APPICON_NAME = AppIcon;
				INFOPLIST_FILE = KSTextField/Info.plist;
				LD_RUNPATH_SEARCH_PATHS = "$(inherited) @executable_path/Frameworks";
				PRODUCT_BUNDLE_IDENTIFIER = lalaland.KSTextField;
				PRODUCT_NAME = "$(TARGET_NAME)";
			};
			name = Debug;
		};
		3BCC8CCB1EAA050E00039630 /* Release */ = {
			isa = XCBuildConfiguration;
			buildSettings = {
				ASSETCATALOG_COMPILER_APPICON_NAME = AppIcon;
				INFOPLIST_FILE = KSTextField/Info.plist;
				LD_RUNPATH_SEARCH_PATHS = "$(inherited) @executable_path/Frameworks";
				PRODUCT_BUNDLE_IDENTIFIER = lalaland.KSTextField;
				PRODUCT_NAME = "$(TARGET_NAME)";
			};
			name = Release;
		};
		3BCC8CCD1EAA050E00039630 /* Debug */ = {
			isa = XCBuildConfiguration;
			buildSettings = {
				BUNDLE_LOADER = "$(TEST_HOST)";
				INFOPLIST_FILE = KSTextFieldTests/Info.plist;
				LD_RUNPATH_SEARCH_PATHS = "$(inherited) @executable_path/Frameworks @loader_path/Frameworks";
				PRODUCT_BUNDLE_IDENTIFIER = lalaland.KSTextFieldTests;
				PRODUCT_NAME = "$(TARGET_NAME)";
				TEST_HOST = "$(BUILT_PRODUCTS_DIR)/KSTextField.app/KSTextField";
			};
			name = Debug;
		};
		3BCC8CCE1EAA050E00039630 /* Release */ = {
			isa = XCBuildConfiguration;
			buildSettings = {
				BUNDLE_LOADER = "$(TEST_HOST)";
				INFOPLIST_FILE = KSTextFieldTests/Info.plist;
				LD_RUNPATH_SEARCH_PATHS = "$(inherited) @executable_path/Frameworks @loader_path/Frameworks";
				PRODUCT_BUNDLE_IDENTIFIER = lalaland.KSTextFieldTests;
				PRODUCT_NAME = "$(TARGET_NAME)";
				TEST_HOST = "$(BUILT_PRODUCTS_DIR)/KSTextField.app/KSTextField";
			};
			name = Release;
		};
		3BCC8CD01EAA050E00039630 /* Debug */ = {
			isa = XCBuildConfiguration;
			buildSettings = {
				INFOPLIST_FILE = KSTextFieldUITests/Info.plist;
				LD_RUNPATH_SEARCH_PATHS = "$(inherited) @executable_path/Frameworks @loader_path/Frameworks";
				PRODUCT_BUNDLE_IDENTIFIER = lalaland.KSTextFieldUITests;
				PRODUCT_NAME = "$(TARGET_NAME)";
				TEST_TARGET_NAME = KSTextField;
			};
			name = Debug;
		};
		3BCC8CD11EAA050E00039630 /* Release */ = {
			isa = XCBuildConfiguration;
			buildSettings = {
				INFOPLIST_FILE = KSTextFieldUITests/Info.plist;
				LD_RUNPATH_SEARCH_PATHS = "$(inherited) @executable_path/Frameworks @loader_path/Frameworks";
				PRODUCT_BUNDLE_IDENTIFIER = lalaland.KSTextFieldUITests;
				PRODUCT_NAME = "$(TARGET_NAME)";
				TEST_TARGET_NAME = KSTextField;
			};
			name = Release;
		};
/* End XCBuildConfiguration section */

/* Begin XCConfigurationList section */
		3BCC8C971EAA050E00039630 /* Build configuration list for PBXProject "KSTextField" */ = {
			isa = XCConfigurationList;
			buildConfigurations = (
				3BCC8CC71EAA050E00039630 /* Debug */,
				3BCC8CC81EAA050E00039630 /* Release */,
			);
			defaultConfigurationIsVisible = 0;
			defaultConfigurationName = Release;
		};
		3BCC8CC91EAA050E00039630 /* Build configuration list for PBXNativeTarget "KSTextField" */ = {
			isa = XCConfigurationList;
			buildConfigurations = (
				3BCC8CCA1EAA050E00039630 /* Debug */,
				3BCC8CCB1EAA050E00039630 /* Release */,
			);
			defaultConfigurationIsVisible = 0;
		};
		3BCC8CCC1EAA050E00039630 /* Build configuration list for PBXNativeTarget "KSTextFieldTests" */ = {
			isa = XCConfigurationList;
			buildConfigurations = (
				3BCC8CCD1EAA050E00039630 /* Debug */,
				3BCC8CCE1EAA050E00039630 /* Release */,
			);
			defaultConfigurationIsVisible = 0;
		};
		3BCC8CCF1EAA050E00039630 /* Build configuration list for PBXNativeTarget "KSTextFieldUITests" */ = {
			isa = XCConfigurationList;
			buildConfigurations = (
				3BCC8CD01EAA050E00039630 /* Debug */,
				3BCC8CD11EAA050E00039630 /* Release */,
			);
			defaultConfigurationIsVisible = 0;
		};
/* End XCConfigurationList section */
	};
	rootObject = 3BCC8C941EAA050E00039630 /* Project object */;
}
